
Microsoft Visual Studio Solution File, Format Version 12.00
# Visual Studio Version 17
VisualStudioVersion = 17.0.31919.166
MinimumVisualStudioVersion = 10.0.40219.1
Project("{FAE04EC0-301F-11D3-BF4B-00C04F79EFBC}") = "2019", "2019.csproj", "{8A1E6307-FCAE-4BB8-863B-C3EEB644D2FB}"
EndProject
Global
	GlobalSection(SolutionConfigurationPlatforms) = preSolution
		Debug|Any CPU = Debug|Any CPU
		Debug|x86 = Debug|x86
		Release|Any CPU = Release|Any CPU
		Release|x86 = Release|x86
	EndGlobalSection
	GlobalSection(ProjectConfigurationPlatforms) = postSolution
		{8A1E6307-FCAE-4BB8-863B-C3EEB644D2FB}.Debug|Any CPU.ActiveCfg = Debug|Any CPU
		{8A1E6307-FCAE-4BB8-863B-C3EEB644D2FB}.Debug|Any CPU.Build.0 = Debug|Any CPU
		{8A1E6307-FCAE-4BB8-863B-C3EEB644D2FB}.Debug|x86.ActiveCfg = Debug|x86
		{8A1E6307-FCAE-4BB8-863B-C3EEB644D2FB}.Debug|x86.Build.0 = Debug|x86
		{8A1E6307-FCAE-4BB8-863B-C3EEB644D2FB}.Release|Any CPU.ActiveCfg = Release|Any CPU
		{8A1E6307-FCAE-4BB8-863B-C3EEB644D2FB}.Release|Any CPU.Build.0 = Release|Any CPU
		{8A1E6307-FCAE-4BB8-863B-C3EEB644D2FB}.Release|x86.ActiveCfg = Release|x86
		{8A1E6307-FCAE-4BB8-863B-C3EEB644D2FB}.Release|x86.Build.0 = Release|x86
	EndGlobalSection
	GlobalSection(SolutionProperties) = preSolution
		HideSolutionNode = FALSE
	EndGlobalSection
	GlobalSection(ExtensibilityGlobals) = postSolution
		SolutionGuid = {3F10D1FE-2C8A-40CD-9B64-CB7F5B5CD3D1}
	EndGlobalSection
EndGlobal
